
Microsoft Visual Studio Solution File, Format Version 12.00
# Visual Studio Version 16
VisualStudioVersion = 16.0.28803.156
MinimumVisualStudioVersion = 10.0.40219.1
Project("{FAE04EC0-301F-11D3-BF4B-00C04F79EFBC}") = "uri1003", "uri1003\uri1003.csproj", "{B886241B-E2E6-409F-A33E-FA725D5FB7F1}"
EndProject
Global
	GlobalSection(SolutionConfigurationPlatforms) = preSolution
		Debug|Any CPU = Debug|Any CPU
		Release|Any CPU = Release|Any CPU
	EndGlobalSection
	GlobalSection(ProjectConfigurationPlatforms) = postSolution
		{B886241B-E2E6-409F-A33E-FA725D5FB7F1}.Debug|Any CPU.ActiveCfg = Debug|Any CPU
		{B886241B-E2E6-409F-A33E-FA725D5FB7F1}.Debug|Any CPU.Build.0 = Debug|Any CPU
		{B886241B-E2E6-409F-A33E-FA725D5FB7F1}.Release|Any CPU.ActiveCfg = Release|Any CPU
		{B886241B-E2E6-409F-A33E-FA725D5FB7F1}.Release|Any CPU.Build.0 = Release|Any CPU
	EndGlobalSection
	GlobalSection(SolutionProperties) = preSolution
		HideSolutionNode = FALSE
	EndGlobalSection
	GlobalSection(ExtensibilityGlobals) = postSolution
		SolutionGuid = {B4B926C9-EC62-43F0-9F18-DF8A48FDF341}
	EndGlobalSection
EndGlobal
