
Microsoft Visual Studio Solution File, Format Version 12.00
# Visual Studio Version 16
VisualStudioVersion = 16.0.28803.202
MinimumVisualStudioVersion = 10.0.40219.1
Project("{FAE04EC0-301F-11D3-BF4B-00C04F79EFBC}") = "URI1019 - conversaoTempo", "URI1019 - conversaoTempo\URI1019 - conversaoTempo.csproj", "{BCE74747-5F7D-49B5-90EB-8767035E8DBD}"
EndProject
Global
	GlobalSection(SolutionConfigurationPlatforms) = preSolution
		Debug|Any CPU = Debug|Any CPU
		Release|Any CPU = Release|Any CPU
	EndGlobalSection
	GlobalSection(ProjectConfigurationPlatforms) = postSolution
		{BCE74747-5F7D-49B5-90EB-8767035E8DBD}.Debug|Any CPU.ActiveCfg = Debug|Any CPU
		{BCE74747-5F7D-49B5-90EB-8767035E8DBD}.Debug|Any CPU.Build.0 = Debug|Any CPU
		{BCE74747-5F7D-49B5-90EB-8767035E8DBD}.Release|Any CPU.ActiveCfg = Release|Any CPU
		{BCE74747-5F7D-49B5-90EB-8767035E8DBD}.Release|Any CPU.Build.0 = Release|Any CPU
	EndGlobalSection
	GlobalSection(SolutionProperties) = preSolution
		HideSolutionNode = FALSE
	EndGlobalSection
	GlobalSection(ExtensibilityGlobals) = postSolution
		SolutionGuid = {FA1170CE-CE93-4B26-A273-CE233F09191A}
	EndGlobalSection
EndGlobal
