
Microsoft Visual Studio Solution File, Format Version 12.00
# Visual Studio Version 16
VisualStudioVersion = 16.0.28803.156
MinimumVisualStudioVersion = 10.0.40219.1
Project("{FAE04EC0-301F-11D3-BF4B-00C04F79EFBC}") = "uri1002", "uri1002\uri1002.csproj", "{2F942BD1-A8FC-4838-AD39-DC376FB91ECE}"
EndProject
Global
	GlobalSection(SolutionConfigurationPlatforms) = preSolution
		Debug|Any CPU = Debug|Any CPU
		Release|Any CPU = Release|Any CPU
	EndGlobalSection
	GlobalSection(ProjectConfigurationPlatforms) = postSolution
		{2F942BD1-A8FC-4838-AD39-DC376FB91ECE}.Debug|Any CPU.ActiveCfg = Debug|Any CPU
		{2F942BD1-A8FC-4838-AD39-DC376FB91ECE}.Debug|Any CPU.Build.0 = Debug|Any CPU
		{2F942BD1-A8FC-4838-AD39-DC376FB91ECE}.Release|Any CPU.ActiveCfg = Release|Any CPU
		{2F942BD1-A8FC-4838-AD39-DC376FB91ECE}.Release|Any CPU.Build.0 = Release|Any CPU
	EndGlobalSection
	GlobalSection(SolutionProperties) = preSolution
		HideSolutionNode = FALSE
	EndGlobalSection
	GlobalSection(ExtensibilityGlobals) = postSolution
		SolutionGuid = {E5B4EB05-A994-4E71-AE4B-CFF460A1FCC0}
	EndGlobalSection
EndGlobal
