
Microsoft Visual Studio Solution File, Format Version 12.00
# Visual Studio Version 16
VisualStudioVersion = 16.0.28803.156
MinimumVisualStudioVersion = 10.0.40219.1
Project("{FAE04EC0-301F-11D3-BF4B-00C04F79EFBC}") = "URI1008", "URI1008\URI1008.csproj", "{95E013F6-2237-4149-84EB-B1D38C30E568}"
EndProject
Global
	GlobalSection(SolutionConfigurationPlatforms) = preSolution
		Debug|Any CPU = Debug|Any CPU
		Release|Any CPU = Release|Any CPU
	EndGlobalSection
	GlobalSection(ProjectConfigurationPlatforms) = postSolution
		{95E013F6-2237-4149-84EB-B1D38C30E568}.Debug|Any CPU.ActiveCfg = Debug|Any CPU
		{95E013F6-2237-4149-84EB-B1D38C30E568}.Debug|Any CPU.Build.0 = Debug|Any CPU
		{95E013F6-2237-4149-84EB-B1D38C30E568}.Release|Any CPU.ActiveCfg = Release|Any CPU
		{95E013F6-2237-4149-84EB-B1D38C30E568}.Release|Any CPU.Build.0 = Release|Any CPU
	EndGlobalSection
	GlobalSection(SolutionProperties) = preSolution
		HideSolutionNode = FALSE
	EndGlobalSection
	GlobalSection(ExtensibilityGlobals) = postSolution
		SolutionGuid = {06F73E18-62AE-4157-A672-D6BC24EEC9BD}
	EndGlobalSection
EndGlobal
